version = 1
revision = 3
requires-python = ">=3.10, <3.13"

[[package]]
name = "mindgames"
source = { editable = "." }
dependencies = [
    { name = "msgspec" },
]

[package.metadata]
requires-dist = [{ name = "msgspec", specifier = ">=0.20.0" }]

[[package]]
name = "msgspec"
version = "0.20.0"
source = { registry = "https://pypi.org/simple" }
sdist = { url = "https://files.pythonhosted.org/packages/ea/9c/bfbd12955a49180cbd234c5d29ec6f74fe641698f0cd9df154a854fc8a15/msgspec-0.20.0.tar.gz", hash = "sha256:692349e588fde322875f8d3025ac01689fead5901e7fb18d6870a44519d62a29", size = 317862, upload-time = "2025-11-24T03:56:28.934Z" }
wheels = [
    { url = "https://files.pythonhosted.org/packages/e3/5e/151883ba2047cca9db8ed2f86186b054ad200bc231352df15b0c1dd75b1f/msgspec-0.20.0-cp310-cp310-macosx_10_9_x86_64.whl", hash = "sha256:23a6ec2a3b5038c233b04740a545856a068bc5cb8db184ff493a58e08c994fbf", size = 195191, upload-time = "2025-11-24T03:55:08.549Z" },
    { url = "https://files.pythonhosted.org/packages/50/88/a795647672f547c983eff0823b82aaa35db922c767e1b3693e2dcf96678d/msgspec-0.20.0-cp310-cp310-macosx_11_0_arm64.whl", hash = "sha256:cde2c41ed3eaaef6146365cb0d69580078a19f974c6cb8165cc5dcd5734f573e", size = 188513, upload-time = "2025-11-24T03:55:10.008Z" },
    { url = "https://files.pythonhosted.org/packages/4b/91/eb0abb0e0de142066cebfe546dc9140c5972ea824aa6ff507ad0b6a126ac/msgspec-0.20.0-cp310-cp310-manylinux2014_aarch64.manylinux_2_17_aarch64.manylinux_2_28_aarch64.whl", hash = "sha256:5da0daa782f95d364f0d95962faed01e218732aa1aa6cad56b25a5d2092e75a4", size = 216370, upload-time = "2025-11-24T03:55:11.566Z" },
    { url = "https://files.pythonhosted.org/packages/15/2a/48e41d9ef0a24b1c6e67cbd94a676799e0561bfbc163be1aaaff5ca853f5/msgspec-0.20.0-cp310-cp310-manylinux2014_x86_64.manylinux_2_17_x86_64.manylinux_2_28_x86_64.whl", hash = "sha256:9369d5266144bef91be2940a3821e03e51a93c9080fde3ef72728c3f0a3a8bb7", size = 222653, upload-time = "2025-11-24T03:55:13.159Z" },
    { url = "https://files.pythonhosted.org/packages/90/c9/14b825df203d980f82a623450d5f39e7f7a09e6e256c52b498ea8f29d923/msgspec-0.20.0-cp310-cp310-musllinux_1_2_aarch64.whl", hash = "sha256:90fb865b306ca92c03964a5f3d0cd9eb1adda14f7e5ac7943efd159719ea9f10", size = 222337, upload-time = "2025-11-24T03:55:14.777Z" },
    { url = "https://files.pythonhosted.org/packages/8b/d7/39a5c3ddd294f587d6fb8efccc8361b6aa5089974015054071e665c9d24b/msgspec-0.20.0-cp310-cp310-musllinux_1_2_x86_64.whl", hash = "sha256:e8112cd48b67dfc0cfa49fc812b6ce7eb37499e1d95b9575061683f3428975d3", size = 225565, upload-time = "2025-11-24T03:55:16.4Z" },
    { url = "https://files.pythonhosted.org/packages/98/bd/5db3c14d675ee12842afb9b70c94c64f2c873f31198c46cbfcd7dffafab0/msgspec-0.20.0-cp310-cp310-win_amd64.whl", hash = "sha256:666b966d503df5dc27287675f525a56b6e66a2b8e8ccd2877b0c01328f19ae6c", size = 188412, upload-time = "2025-11-24T03:55:17.747Z" },
    { url = "https://files.pythonhosted.org/packages/76/c7/06cc218bc0c86f0c6c6f34f7eeea6cfb8b835070e8031e3b0ef00f6c7c69/msgspec-0.20.0-cp310-cp310-win_arm64.whl", hash = "sha256:099e3e85cd5b238f2669621be65f0728169b8c7cb7ab07f6137b02dc7feea781", size = 173951, upload-time = "2025-11-24T03:55:19.335Z" },
    { url = "https://files.pythonhosted.org/packages/03/59/fdcb3af72f750a8de2bcf39d62ada70b5eb17b06d7f63860e0a679cb656b/msgspec-0.20.0-cp311-cp311-macosx_10_9_x86_64.whl", hash = "sha256:09e0efbf1ac641fedb1d5496c59507c2f0dc62a052189ee62c763e0aae217520", size = 193345, upload-time = "2025-11-24T03:55:20.613Z" },
    { url = "https://files.pythonhosted.org/packages/5a/15/3c225610da9f02505d37d69a77f4a2e7daae2a125f99d638df211ba84e59/msgspec-0.20.0-cp311-cp311-macosx_11_0_arm64.whl", hash = "sha256:23ee3787142e48f5ee746b2909ce1b76e2949fbe0f97f9f6e70879f06c218b54", size = 186867, upload-time = "2025-11-24T03:55:22.4Z" },
    { url = "https://files.pythonhosted.org/packages/81/36/13ab0c547e283bf172f45491edfdea0e2cecb26ae61e3a7b1ae6058b326d/msgspec-0.20.0-cp311-cp311-manylinux2014_aarch64.manylinux_2_17_aarch64.manylinux_2_28_aarch64.whl", hash = "sha256:81f4ac6f0363407ac0465eff5c7d4d18f26870e00674f8fcb336d898a1e36854", size = 215351, upload-time = "2025-11-24T03:55:23.958Z" },
    { url = "https://files.pythonhosted.org/packages/6b/96/5c095b940de3aa6b43a71ec76275ac3537b21bd45c7499b5a17a429110fa/msgspec-0.20.0-cp311-cp311-manylinux2014_x86_64.manylinux_2_17_x86_64.manylinux_2_28_x86_64.whl", hash = "sha256:bb4d873f24ae18cd1334f4e37a178ed46c9d186437733351267e0a269bdf7e53", size = 219896, upload-time = "2025-11-24T03:55:25.356Z" },
    { url = "https://files.pythonhosted.org/packages/98/7a/81a7b5f01af300761087b114dafa20fb97aed7184d33aab64d48874eb187/msgspec-0.20.0-cp311-cp311-musllinux_1_2_aarch64.whl", hash = "sha256:b92b8334427b8393b520c24ff53b70f326f79acf5f74adb94fd361bcff8a1d4e", size = 220389, upload-time = "2025-11-24T03:55:26.99Z" },
    { url = "https://files.pythonhosted.org/packages/70/c0/3d0cce27db9a9912421273d49eab79ce01ecd2fed1a2f1b74af9b445f33c/msgspec-0.20.0-cp311-cp311-musllinux_1_2_x86_64.whl", hash = "sha256:562c44b047c05cc0384e006fae7a5e715740215c799429e0d7e3e5adf324285a", size = 223348, upload-time = "2025-11-24T03:55:28.311Z" },
    { url = "https://files.pythonhosted.org/packages/89/5e/406b7d578926b68790e390d83a1165a9bfc2d95612a1a9c1c4d5c72ea815/msgspec-0.20.0-cp311-cp311-win_amd64.whl", hash = "sha256:d1dcc93a3ce3d3195985bfff18a48274d0b5ffbc96fa1c5b89da6f0d9af81b29", size = 188713, upload-time = "2025-11-24T03:55:29.553Z" },
    { url = "https://files.pythonhosted.org/packages/47/87/14fe2316624ceedf76a9e94d714d194cbcb699720b210ff189f89ca4efd7/msgspec-0.20.0-cp311-cp311-win_arm64.whl", hash = "sha256:aa387aa330d2e4bd69995f66ea8fdc87099ddeedf6fdb232993c6a67711e7520", size = 174229, upload-time = "2025-11-24T03:55:31.107Z" },
    { url = "https://files.pythonhosted.org/packages/d9/6f/1e25eee957e58e3afb2a44b94fa95e06cebc4c236193ed0de3012fff1e19/msgspec-0.20.0-cp312-cp312-macosx_10_13_x86_64.whl", hash = "sha256:2aba22e2e302e9231e85edc24f27ba1f524d43c223ef5765bd8624c7df9ec0a5", size = 196391, upload-time = "2025-11-24T03:55:32.677Z" },
    { url = "https://files.pythonhosted.org/packages/7f/ee/af51d090ada641d4b264992a486435ba3ef5b5634bc27e6eb002f71cef7d/msgspec-0.20.0-cp312-cp312-macosx_11_0_arm64.whl", hash = "sha256:716284f898ab2547fedd72a93bb940375de9fbfe77538f05779632dc34afdfde", size = 188644, upload-time = "2025-11-24T03:55:33.934Z" },
    { url = "https://files.pythonhosted.org/packages/49/d6/9709ee093b7742362c2934bfb1bbe791a1e09bed3ea5d8a18ce552fbfd73/msgspec-0.20.0-cp312-cp312-manylinux2014_aarch64.manylinux_2_17_aarch64.manylinux_2_28_aarch64.whl", hash = "sha256:558ed73315efa51b1538fa8f1d3b22c8c5ff6d9a2a62eff87d25829b94fc5054", size = 218852, upload-time = "2025-11-24T03:55:35.575Z" },
    { url = "https://files.pythonhosted.org/packages/5c/a2/488517a43ccf5a4b6b6eca6dd4ede0bd82b043d1539dd6bb908a19f8efd3/msgspec-0.20.0-cp312-cp312-manylinux2014_x86_64.manylinux_2_17_x86_64.manylinux_2_28_x86_64.whl", hash = "sha256:509ac1362a1d53aa66798c9b9fd76872d7faa30fcf89b2fba3bcbfd559d56eb0", size = 224937, upload-time = "2025-11-24T03:55:36.859Z" },
    { url = "https://files.pythonhosted.org/packages/d5/e8/49b832808aa23b85d4f090d1d2e48a4e3834871415031ed7c5fe48723156/msgspec-0.20.0-cp312-cp312-musllinux_1_2_aarch64.whl", hash = "sha256:1353c2c93423602e7dea1aa4c92f3391fdfc25ff40e0bacf81d34dbc68adb870", size = 222858, upload-time = "2025-11-24T03:55:38.187Z" },
    { url = "https://files.pythonhosted.org/packages/9f/56/1dc2fa53685dca9c3f243a6cbecd34e856858354e455b77f47ebd76cf5bf/msgspec-0.20.0-cp312-cp312-musllinux_1_2_x86_64.whl", hash = "sha256:cb33b5eb5adb3c33d749684471c6a165468395d7aa02d8867c15103b81e1da3e", size = 227248, upload-time = "2025-11-24T03:55:39.496Z" },
    { url = "https://files.pythonhosted.org/packages/5a/51/aba940212c23b32eedce752896205912c2668472ed5b205fc33da28a6509/msgspec-0.20.0-cp312-cp312-win_amd64.whl", hash = "sha256:fb1d934e435dd3a2b8cf4bbf47a8757100b4a1cfdc2afdf227541199885cdacb", size = 190024, upload-time = "2025-11-24T03:55:40.829Z" },
    { url = "https://files.pythonhosted.org/packages/41/ad/3b9f259d94f183daa9764fef33fdc7010f7ecffc29af977044fa47440a83/msgspec-0.20.0-cp312-cp312-win_arm64.whl", hash = "sha256:00648b1e19cf01b2be45444ba9dc961bd4c056ffb15706651e64e5d6ec6197b7", size = 175390, upload-time = "2025-11-24T03:55:42.05Z" },
]
